// !$*UTF8*$!
{
	archiveVersion = 1;
	classes = {
	};
	objectVersion = 48;
	objects = {

/* Begin PBXBuildFile section */
		B522BFD41EFF69E800448D25 /* AppDelegate.swift in Sources */ = {isa = PBXBuildFile; fileRef = B522BFD31EFF69E800448D25 /* AppDelegate.swift */; };
		B522BFD61EFF69E800448D25 /* GameScene.sks in Resources */ = {isa = PBXBuildFile; fileRef = B522BFD51EFF69E800448D25 /* GameScene.sks */; };
		B522BFD81EFF69E800448D25 /* Actions.sks in Resources */ = {isa = PBXBuildFile; fileRef = B522BFD71EFF69E800448D25 /* Actions.sks */; };
		B522BFDA1EFF69E800448D25 /* GameScene.swift in Sources */ = {isa = PBXBuildFile; fileRef = B522BFD91EFF69E800448D25 /* GameScene.swift */; };
		B522BFDC1EFF69E800448D25 /* GameViewController.swift in Sources */ = {isa = PBXBuildFile; fileRef = B522BFDB1EFF69E800448D25 /* GameViewController.swift */; };
		B522BFDF1EFF69E800448D25 /* Main.storyboard in Resources */ = {isa = PBXBuildFile; fileRef = B522BFDD1EFF69E800448D25 /* Main.storyboard */; };
		B522BFE41EFF69E800448D25 /* LaunchScreen.storyboard in Resources */ = {isa = PBXBuildFile; fileRef = B522BFE21EFF69E800448D25 /* LaunchScreen.storyboard */; };
		B522BFEF1EFF69E900448D25 /* sailingTests.swift in Sources */ = {isa = PBXBuildFile; fileRef = B522BFEE1EFF69E900448D25 /* sailingTests.swift */; };
		B522BFFA1EFF69E900448D25 /* sailingUITests.swift in Sources */ = {isa = PBXBuildFile; fileRef = B522BFF91EFF69E900448D25 /* sailingUITests.swift */; };
		B54531BF1F1722510083DF5F /* Catboat.swift in Sources */ = {isa = PBXBuildFile; fileRef = B54531BE1F17224F0083DF5F /* Catboat.swift */; };
		B54531C11F1727DD0083DF5F /* Sloop.swift in Sources */ = {isa = PBXBuildFile; fileRef = B54531C01F1727DD0083DF5F /* Sloop.swift */; };
		B57060A71F36870700A2399B /* Assets.xcassets in Resources */ = {isa = PBXBuildFile; fileRef = B5DCDEF91F3682CE00E6D185 /* Assets.xcassets */; };
		B57BE9361F172A8B0037257A /* Catalina_14p2.swift in Sources */ = {isa = PBXBuildFile; fileRef = B57BE9351F172A8B0037257A /* Catalina_14p2.swift */; };
		B591C6BB1F0DEE7F0050FD04 /* Boat.swift in Sources */ = {isa = PBXBuildFile; fileRef = B591C6BA1F0DEE7F0050FD04 /* Boat.swift */; };
		B5F2323C1F0C92D300569D1E /* stern view.png in Resources */ = {isa = PBXBuildFile; fileRef = B5F2323B1F0C92D300569D1E /* stern view.png */; };
/* End PBXBuildFile section */

/* Begin PBXContainerItemProxy section */
		B522BFEB1EFF69E900448D25 /* PBXContainerItemProxy */ = {
			isa = PBXContainerItemProxy;
			containerPortal = B522BFC81EFF69E800448D25 /* Project object */;
			proxyType = 1;
			remoteGlobalIDString = B522BFCF1EFF69E800448D25;
			remoteInfo = sailing;
		};
		B522BFF61EFF69E900448D25 /* PBXContainerItemProxy */ = {
			isa = PBXContainerItemProxy;
			containerPortal = B522BFC81EFF69E800448D25 /* Project object */;
			proxyType = 1;
			remoteGlobalIDString = B522BFCF1EFF69E800448D25;
			remoteInfo = sailing;
		};
/* End PBXContainerItemProxy section */

/* Begin PBXFileReference section */
		B522BFD01EFF69E800448D25 /* sailing.app */ = {isa = PBXFileReference; explicitFileType = wrapper.application; includeInIndex = 0; path = sailing.app; sourceTree = BUILT_PRODUCTS_DIR; };
		B522BFD31EFF69E800448D25 /* AppDelegate.swift */ = {isa = PBXFileReference; lastKnownFileType = sourcecode.swift; path = AppDelegate.swift; sourceTree = "<group>"; };
		B522BFD51EFF69E800448D25 /* GameScene.sks */ = {isa = PBXFileReference; lastKnownFileType = file.sks; path = GameScene.sks; sourceTree = "<group>"; };
		B522BFD71EFF69E800448D25 /* Actions.sks */ = {isa = PBXFileReference; lastKnownFileType = file.sks; path = Actions.sks; sourceTree = "<group>"; };
		B522BFD91EFF69E800448D25 /* GameScene.swift */ = {isa = PBXFileReference; lastKnownFileType = sourcecode.swift; path = GameScene.swift; sourceTree = "<group>"; };
		B522BFDB1EFF69E800448D25 /* GameViewController.swift */ = {isa = PBXFileReference; lastKnownFileType = sourcecode.swift; path = GameViewController.swift; sourceTree = "<group>"; };
		B522BFDE1EFF69E800448D25 /* Base */ = {isa = PBXFileReference; lastKnownFileType = file.storyboard; name = Base; path = Base.lproj/Main.storyboard; sourceTree = "<group>"; };
		B522BFE31EFF69E800448D25 /* Base */ = {isa = PBXFileReference; lastKnownFileType = file.storyboard; name = Base; path = Base.lproj/LaunchScreen.storyboard; sourceTree = "<group>"; };
		B522BFE51EFF69E800448D25 /* Info.plist */ = {isa = PBXFileReference; lastKnownFileType = text.plist.xml; path = Info.plist; sourceTree = "<group>"; };
		B522BFEA1EFF69E900448D25 /* sailingTests.xctest */ = {isa = PBXFileReference; explicitFileType = wrapper.cfbundle; includeInIndex = 0; path = sailingTests.xctest; sourceTree = BUILT_PRODUCTS_DIR; };
		B522BFEE1EFF69E900448D25 /* sailingTests.swift */ = {isa = PBXFileReference; lastKnownFileType = sourcecode.swift; path = sailingTests.swift; sourceTree = "<group>"; };
		B522BFF01EFF69E900448D25 /* Info.plist */ = {isa = PBXFileReference; lastKnownFileType = text.plist.xml; path = Info.plist; sourceTree = "<group>"; };
		B522BFF51EFF69E900448D25 /* sailingUITests.xctest */ = {isa = PBXFileReference; explicitFileType = wrapper.cfbundle; includeInIndex = 0; path = sailingUITests.xctest; sourceTree = BUILT_PRODUCTS_DIR; };
		B522BFF91EFF69E900448D25 /* sailingUITests.swift */ = {isa = PBXFileReference; lastKnownFileType = sourcecode.swift; path = sailingUITests.swift; sourceTree = "<group>"; };
		B522BFFB1EFF69E900448D25 /* Info.plist */ = {isa = PBXFileReference; lastKnownFileType = text.plist.xml; path = Info.plist; sourceTree = "<group>"; };
		B54531BE1F17224F0083DF5F /* Catboat.swift */ = {isa = PBXFileReference; lastKnownFileType = sourcecode.swift; path = Catboat.swift; sourceTree = "<group>"; };
		B54531C01F1727DD0083DF5F /* Sloop.swift */ = {isa = PBXFileReference; lastKnownFileType = sourcecode.swift; path = Sloop.swift; sourceTree = "<group>"; };
		B57BE9351F172A8B0037257A /* Catalina_14p2.swift */ = {isa = PBXFileReference; lastKnownFileType = sourcecode.swift; path = Catalina_14p2.swift; sourceTree = "<group>"; };
		B591C6BA1F0DEE7F0050FD04 /* Boat.swift */ = {isa = PBXFileReference; lastKnownFileType = sourcecode.swift; path = Boat.swift; sourceTree = "<group>"; };
		B5DCDEF91F3682CE00E6D185 /* Assets.xcassets */ = {isa = PBXFileReference; lastKnownFileType = folder.assetcatalog; path = Assets.xcassets; sourceTree = "<group>"; };
		B5F2323B1F0C92D300569D1E /* stern view.png */ = {isa = PBXFileReference; lastKnownFileType = image.png; name = "stern view.png"; path = "../../../../Desktop/stern view.png"; sourceTree = "<group>"; };
/* End PBXFileReference section */

/* Begin PBXFrameworksBuildPhase section */
		B522BFCD1EFF69E800448D25 /* Frameworks */ = {
			isa = PBXFrameworksBuildPhase;
			buildActionMask = 2147483647;
			files = (
			);
			runOnlyForDeploymentPostprocessing = 0;
		};
		B522BFE71EFF69E800448D25 /* Frameworks */ = {
			isa = PBXFrameworksBuildPhase;
			buildActionMask = 2147483647;
			files = (
			);
			runOnlyForDeploymentPostprocessing = 0;
		};
		B522BFF21EFF69E900448D25 /* Frameworks */ = {
			isa = PBXFrameworksBuildPhase;
			buildActionMask = 2147483647;
			files = (
			);
			runOnlyForDeploymentPostprocessing = 0;
		};
/* End PBXFrameworksBuildPhase section */

/* Begin PBXGroup section */
		B522BFC71EFF69E800448D25 = {
			isa = PBXGroup;
			children = (
				B522BFD21EFF69E800448D25 /* sailing */,
				B522BFED1EFF69E900448D25 /* sailingTests */,
				B522BFF81EFF69E900448D25 /* sailingUITests */,
				B522BFD11EFF69E800448D25 /* Products */,
			);
			sourceTree = "<group>";
		};
		B522BFD11EFF69E800448D25 /* Products */ = {
			isa = PBXGroup;
			children = (
				B522BFD01EFF69E800448D25 /* sailing.app */,
				B522BFEA1EFF69E900448D25 /* sailingTests.xctest */,
				B522BFF51EFF69E900448D25 /* sailingUITests.xctest */,
			);
			name = Products;
			sourceTree = "<group>";
		};
		B522BFD21EFF69E800448D25 /* sailing */ = {
			isa = PBXGroup;
			children = (
				B522BFD31EFF69E800448D25 /* AppDelegate.swift */,
				B522BFD51EFF69E800448D25 /* GameScene.sks */,
				B522BFD71EFF69E800448D25 /* Actions.sks */,
				B522BFD91EFF69E800448D25 /* GameScene.swift */,
				B57BE9351F172A8B0037257A /* Catalina_14p2.swift */,
				B591C6BA1F0DEE7F0050FD04 /* Boat.swift */,
				B54531BE1F17224F0083DF5F /* Catboat.swift */,
				B54531C01F1727DD0083DF5F /* Sloop.swift */,
				B522BFDB1EFF69E800448D25 /* GameViewController.swift */,
				B522BFDD1EFF69E800448D25 /* Main.storyboard */,
				B5DCDEF91F3682CE00E6D185 /* Assets.xcassets */,
				B5F2323B1F0C92D300569D1E /* stern view.png */,
				B522BFE21EFF69E800448D25 /* LaunchScreen.storyboard */,
				B522BFE51EFF69E800448D25 /* Info.plist */,
			);
			path = sailing;
			sourceTree = "<group>";
		};
		B522BFED1EFF69E900448D25 /* sailingTests */ = {
			isa = PBXGroup;
			children = (
				B522BFEE1EFF69E900448D25 /* sailingTests.swift */,
				B522BFF01EFF69E900448D25 /* Info.plist */,
			);
			path = sailingTests;
			sourceTree = "<group>";
		};
		B522BFF81EFF69E900448D25 /* sailingUITests */ = {
			isa = PBXGroup;
			children = (
				B522BFF91EFF69E900448D25 /* sailingUITests.swift */,
				B522BFFB1EFF69E900448D25 /* Info.plist */,
			);
			path = sailingUITests;
			sourceTree = "<group>";
		};
/* End PBXGroup section */

/* Begin PBXNativeTarget section */
		B522BFCF1EFF69E800448D25 /* sailing */ = {
			isa = PBXNativeTarget;
			buildConfigurationList = B522BFFE1EFF69E900448D25 /* Build configuration list for PBXNativeTarget "sailing" */;
			buildPhases = (
				B522BFCC1EFF69E800448D25 /* Sources */,
				B522BFCD1EFF69E800448D25 /* Frameworks */,
				B522BFCE1EFF69E800448D25 /* Resources */,
			);
			buildRules = (
			);
			dependencies = (
			);
			name = sailing;
			productName = sailing;
			productReference = B522BFD01EFF69E800448D25 /* sailing.app */;
			productType = "com.apple.product-type.application";
		};
		B522BFE91EFF69E800448D25 /* sailingTests */ = {
			isa = PBXNativeTarget;
			buildConfigurationList = B522C0011EFF69E900448D25 /* Build configuration list for PBXNativeTarget "sailingTests" */;
			buildPhases = (
				B522BFE61EFF69E800448D25 /* Sources */,
				B522BFE71EFF69E800448D25 /* Frameworks */,
				B522BFE81EFF69E800448D25 /* Resources */,
			);
			buildRules = (
			);
			dependencies = (
				B522BFEC1EFF69E900448D25 /* PBXTargetDependency */,
			);
			name = sailingTests;
			productName = sailingTests;
			productReference = B522BFEA1EFF69E900448D25 /* sailingTests.xctest */;
			productType = "com.apple.product-type.bundle.unit-test";
		};
		B522BFF41EFF69E900448D25 /* sailingUITests */ = {
			isa = PBXNativeTarget;
			buildConfigurationList = B522C0041EFF69E900448D25 /* Build configuration list for PBXNativeTarget "sailingUITests" */;
			buildPhases = (
				B522BFF11EFF69E900448D25 /* Sources */,
				B522BFF21EFF69E900448D25 /* Frameworks */,
				B522BFF31EFF69E900448D25 /* Resources */,
			);
			buildRules = (
			);
			dependencies = (
				B522BFF71EFF69E900448D25 /* PBXTargetDependency */,
			);
			name = sailingUITests;
			productName = sailingUITests;
			productReference = B522BFF51EFF69E900448D25 /* sailingUITests.xctest */;
			productType = "com.apple.product-type.bundle.ui-testing";
		};
/* End PBXNativeTarget section */

/* Begin PBXProject section */
		B522BFC81EFF69E800448D25 /* Project object */ = {
			isa = PBXProject;
			attributes = {
				LastSwiftUpdateCheck = 0900;
				LastUpgradeCheck = 0900;
				ORGANIZATIONNAME = "Taylor H. Gilbert";
				TargetAttributes = {
					B522BFCF1EFF69E800448D25 = {
						CreatedOnToolsVersion = 9.0;
					};
					B522BFE91EFF69E800448D25 = {
						CreatedOnToolsVersion = 9.0;
						TestTargetID = B522BFCF1EFF69E800448D25;
					};
					B522BFF41EFF69E900448D25 = {
						CreatedOnToolsVersion = 9.0;
						TestTargetID = B522BFCF1EFF69E800448D25;
					};
				};
			};
			buildConfigurationList = B522BFCB1EFF69E800448D25 /* Build configuration list for PBXProject "sailing" */;
			compatibilityVersion = "Xcode 8.0";
			developmentRegion = en;
			hasScannedForEncodings = 0;
			knownRegions = (
				en,
				Base,
			);
			mainGroup = B522BFC71EFF69E800448D25;
			productRefGroup = B522BFD11EFF69E800448D25 /* Products */;
			projectDirPath = "";
			projectRoot = "";
			targets = (
				B522BFCF1EFF69E800448D25 /* sailing */,
				B522BFE91EFF69E800448D25 /* sailingTests */,
				B522BFF41EFF69E900448D25 /* sailingUITests */,
			);
		};
/* End PBXProject section */

/* Begin PBXResourcesBuildPhase section */
		B522BFCE1EFF69E800448D25 /* Resources */ = {
			isa = PBXResourcesBuildPhase;
			buildActionMask = 2147483647;
			files = (
				B5F2323C1F0C92D300569D1E /* stern view.png in Resources */,
				B522BFDF1EFF69E800448D25 /* Main.storyboard in Resources */,
				B522BFD61EFF69E800448D25 /* GameScene.sks in Resources */,
				B522BFE41EFF69E800448D25 /* LaunchScreen.storyboard in Resources */,
				B57060A71F36870700A2399B /* Assets.xcassets in Resources */,
				B522BFD81EFF69E800448D25 /* Actions.sks in Resources */,
			);
			runOnlyForDeploymentPostprocessing = 0;
		};
		B522BFE81EFF69E800448D25 /* Resources */ = {
			isa = PBXResourcesBuildPhase;
			buildActionMask = 2147483647;
			files = (
			);
			runOnlyForDeploymentPostprocessing = 0;
		};
		B522BFF31EFF69E900448D25 /* Resources */ = {
			isa = PBXResourcesBuildPhase;
			buildActionMask = 2147483647;
			files = (
			);
			runOnlyForDeploymentPostprocessing = 0;
		};
/* End PBXResourcesBuildPhase section */

/* Begin PBXSourcesBuildPhase section */
		B522BFCC1EFF69E800448D25 /* Sources */ = {
			isa = PBXSourcesBuildPhase;
			buildActionMask = 2147483647;
			files = (
				B522BFDA1EFF69E800448D25 /* GameScene.swift in Sources */,
				B57BE9361F172A8B0037257A /* Catalina_14p2.swift in Sources */,
				B522BFDC1EFF69E800448D25 /* GameViewController.swift in Sources */,
				B522BFD41EFF69E800448D25 /* AppDelegate.swift in Sources */,
				B54531C11F1727DD0083DF5F /* Sloop.swift in Sources */,
				B54531BF1F1722510083DF5F /* Catboat.swift in Sources */,
				B591C6BB1F0DEE7F0050FD04 /* Boat.swift in Sources */,
			);
			runOnlyForDeploymentPostprocessing = 0;
		};
		B522BFE61EFF69E800448D25 /* Sources */ = {
			isa = PBXSourcesBuildPhase;
			buildActionMask = 2147483647;
			files = (
				B522BFEF1EFF69E900448D25 /* sailingTests.swift in Sources */,
			);
			runOnlyForDeploymentPostprocessing = 0;
		};
		B522BFF11EFF69E900448D25 /* Sources */ = {
			isa = PBXSourcesBuildPhase;
			buildActionMask = 2147483647;
			files = (
				B522BFFA1EFF69E900448D25 /* sailingUITests.swift in Sources */,
			);
			runOnlyForDeploymentPostprocessing = 0;
		};
/* End PBXSourcesBuildPhase section */

/* Begin PBXTargetDependency section */
		B522BFEC1EFF69E900448D25 /* PBXTargetDependency */ = {
			isa = PBXTargetDependency;
			target = B522BFCF1EFF69E800448D25 /* sailing */;
			targetProxy = B522BFEB1EFF69E900448D25 /* PBXContainerItemProxy */;
		};
		B522BFF71EFF69E900448D25 /* PBXTargetDependency */ = {
			isa = PBXTargetDependency;
			target = B522BFCF1EFF69E800448D25 /* sailing */;
			targetProxy = B522BFF61EFF69E900448D25 /* PBXContainerItemProxy */;
		};
/* End PBXTargetDependency section */

/* Begin PBXVariantGroup section */
		B522BFDD1EFF69E800448D25 /* Main.storyboard */ = {
			isa = PBXVariantGroup;
			children = (
				B522BFDE1EFF69E800448D25 /* Base */,
			);
			name = Main.storyboard;
			sourceTree = "<group>";
		};
		B522BFE21EFF69E800448D25 /* LaunchScreen.storyboard */ = {
			isa = PBXVariantGroup;
			children = (
				B522BFE31EFF69E800448D25 /* Base */,
			);
			name = LaunchScreen.storyboard;
			sourceTree = "<group>";
		};
/* End PBXVariantGroup section */

/* Begin XCBuildConfiguration section */
		B522BFFC1EFF69E900448D25 /* Debug */ = {
			isa = XCBuildConfiguration;
			buildSettings = {
				ALWAYS_SEARCH_USER_PATHS = NO;
				CLANG_ANALYZER_NONNULL = YES;
				CLANG_ANALYZER_NUMBER_OBJECT_CONVERSION = YES_AGGRESSIVE;
				CLANG_CXX_LANGUAGE_STANDARD = "gnu++14";
				CLANG_CXX_LIBRARY = "libc++";
				CLANG_ENABLE_MODULES = YES;
				CLANG_ENABLE_OBJC_ARC = YES;
				CLANG_WARN_BLOCK_CAPTURE_AUTORELEASING = YES;
				CLANG_WARN_BOOL_CONVERSION = YES;
				CLANG_WARN_COMMA = YES;
				CLANG_WARN_CONSTANT_CONVERSION = YES;
				CLANG_WARN_DIRECT_OBJC_ISA_USAGE = YES_ERROR;
				CLANG_WARN_DOCUMENTATION_COMMENTS = YES;
				CLANG_WARN_EMPTY_BODY = YES;
				CLANG_WARN_ENUM_CONVERSION = YES;
				CLANG_WARN_INFINITE_RECURSION = YES;
				CLANG_WARN_INT_CONVERSION = YES;
				CLANG_WARN_NON_LITERAL_NULL_CONVERSION = YES;
				CLANG_WARN_OBJC_LITERAL_CONVERSION = YES;
				CLANG_WARN_OBJC_ROOT_CLASS = YES_ERROR;
				CLANG_WARN_RANGE_LOOP_ANALYSIS = YES;
				CLANG_WARN_STRICT_PROTOTYPES = YES;
				CLANG_WARN_SUSPICIOUS_MOVE = YES;
				CLANG_WARN_UNGUARDED_AVAILABILITY = YES_AGGRESSIVE;
				CLANG_WARN_UNREACHABLE_CODE = YES;
				CLANG_WARN__DUPLICATE_METHOD_MATCH = YES;
				CODE_SIGN_IDENTITY = "iPhone Developer";
				COPY_PHASE_STRIP = NO;
				DEBUG_INFORMATION_FORMAT = dwarf;
				ENABLE_STRICT_OBJC_MSGSEND = YES;
				ENABLE_TESTABILITY = YES;
				GCC_C_LANGUAGE_STANDARD = gnu11;
				GCC_DYNAMIC_NO_PIC = NO;
				GCC_NO_COMMON_BLOCKS = YES;
				GCC_OPTIMIZATION_LEVEL = 0;
				GCC_PREPROCESSOR_DEFINITIONS = (
					"DEBUG=1",
					"$(inherited)",
				);
				GCC_WARN_64_TO_32_BIT_CONVERSION = YES;
				GCC_WARN_ABOUT_RETURN_TYPE = YES_ERROR;
				GCC_WARN_UNDECLARED_SELECTOR = YES;
				GCC_WARN_UNINITIALIZED_AUTOS = YES_AGGRESSIVE;
				GCC_WARN_UNUSED_FUNCTION = YES;
				GCC_WARN_UNUSED_VARIABLE = YES;
				IPHONEOS_DEPLOYMENT_TARGET = 11.0;
				MTL_ENABLE_DEBUG_INFO = YES;
				ONLY_ACTIVE_ARCH = YES;
				SDKROOT = iphoneos;
				SWIFT_ACTIVE_COMPILATION_CONDITIONS = DEBUG;
				SWIFT_OPTIMIZATION_LEVEL = "-Onone";
			};
			name = Debug;
		};
		B522BFFD1EFF69E900448D25 /* Release */ = {
			isa = XCBuildConfiguration;
			buildSettings = {
				ALWAYS_SEARCH_USER_PATHS = NO;
				CLANG_ANALYZER_NONNULL = YES;
				CLANG_ANALYZER_NUMBER_OBJECT_CONVERSION = YES_AGGRESSIVE;
				CLANG_CXX_LANGUAGE_STANDARD = "gnu++14";
				CLANG_CXX_LIBRARY = "libc++";
				CLANG_ENABLE_MODULES = YES;
				CLANG_ENABLE_OBJC_ARC = YES;
				CLANG_WARN_BLOCK_CAPTURE_AUTORELEASING = YES;
				CLANG_WARN_BOOL_CONVERSION = YES;
				CLANG_WARN_COMMA = YES;
				CLANG_WARN_CONSTANT_CONVERSION = YES;
				CLANG_WARN_DIRECT_OBJC_ISA_USAGE = YES_ERROR;
				CLANG_WARN_DOCUMENTATION_COMMENTS = YES;
				CLANG_WARN_EMPTY_BODY = YES;
				CLANG_WARN_ENUM_CONVERSION = YES;
				CLANG_WARN_INFINITE_RECURSION = YES;
				CLANG_WARN_INT_CONVERSION = YES;
				CLANG_WARN_NON_LITERAL_NULL_CONVERSION = YES;
				CLANG_WARN_OBJC_LITERAL_CONVERSION = YES;
				CLANG_WARN_OBJC_ROOT_CLASS = YES_ERROR;
				CLANG_WARN_RANGE_LOOP_ANALYSIS = YES;
				CLANG_WARN_STRICT_PROTOTYPES = YES;
				CLANG_WARN_SUSPICIOUS_MOVE = YES;
				CLANG_WARN_UNGUARDED_AVAILABILITY = YES_AGGRESSIVE;
				CLANG_WARN_UNREACHABLE_CODE = YES;
				CLANG_WARN__DUPLICATE_METHOD_MATCH = YES;
				CODE_SIGN_IDENTITY = "iPhone Developer";
				COPY_PHASE_STRIP = NO;
				DEBUG_INFORMATION_FORMAT = "dwarf-with-dsym";
				ENABLE_NS_ASSERTIONS = NO;
				ENABLE_STRICT_OBJC_MSGSEND = YES;
				GCC_C_LANGUAGE_STANDARD = gnu11;
				GCC_NO_COMMON_BLOCKS = YES;
				GCC_WARN_64_TO_32_BIT_CONVERSION = YES;
				GCC_WARN_ABOUT_RETURN_TYPE = YES_ERROR;
				GCC_WARN_UNDECLARED_SELECTOR = YES;
				GCC_WARN_UNINITIALIZED_AUTOS = YES_AGGRESSIVE;
				GCC_WARN_UNUSED_FUNCTION = YES;
				GCC_WARN_UNUSED_VARIABLE = YES;
				IPHONEOS_DEPLOYMENT_TARGET = 11.0;
				MTL_ENABLE_DEBUG_INFO = NO;
				SDKROOT = iphoneos;
				SWIFT_OPTIMIZATION_LEVEL = "-Owholemodule";
				VALIDATE_PRODUCT = YES;
			};
			name = Release;
		};
		B522BFFF1EFF69E900448D25 /* Debug */ = {
			isa = XCBuildConfiguration;
			buildSettings = {
				ASSETCATALOG_COMPILER_APPICON_NAME = AppIcon;
				DEVELOPMENT_TEAM = XL9PR4L78Q;
				INFOPLIST_FILE = sailing/Info.plist;
				IPHONEOS_DEPLOYMENT_TARGET = 10.0;
				LD_RUNPATH_SEARCH_PATHS = "$(inherited) @executable_path/Frameworks";
				PRODUCT_BUNDLE_IDENTIFIER = taylorg.sailing;
				PRODUCT_NAME = "$(TARGET_NAME)";
				SWIFT_VERSION = 4.0;
				TARGETED_DEVICE_FAMILY = "1,2";
			};
			name = Debug;
		};
		B522C0001EFF69E900448D25 /* Release */ = {
			isa = XCBuildConfiguration;
			buildSettings = {
				ASSETCATALOG_COMPILER_APPICON_NAME = AppIcon;
				DEVELOPMENT_TEAM = XL9PR4L78Q;
				INFOPLIST_FILE = sailing/Info.plist;
				IPHONEOS_DEPLOYMENT_TARGET = 10.0;
				LD_RUNPATH_SEARCH_PATHS = "$(inherited) @executable_path/Frameworks";
				PRODUCT_BUNDLE_IDENTIFIER = taylorg.sailing;
				PRODUCT_NAME = "$(TARGET_NAME)";
				SWIFT_VERSION = 4.0;
				TARGETED_DEVICE_FAMILY = "1,2";
			};
			name = Release;
		};
		B522C0021EFF69E900448D25 /* Debug */ = {
			isa = XCBuildConfiguration;
			buildSettings = {
				ALWAYS_EMBED_SWIFT_STANDARD_LIBRARIES = YES;
				BUNDLE_LOADER = "$(TEST_HOST)";
				DEVELOPMENT_TEAM = XL9PR4L78Q;
				INFOPLIST_FILE = sailingTests/Info.plist;
				LD_RUNPATH_SEARCH_PATHS = "$(inherited) @executable_path/Frameworks @loader_path/Frameworks";
				PRODUCT_BUNDLE_IDENTIFIER = taylorg.sailingTests;
				PRODUCT_NAME = "$(TARGET_NAME)";
				SWIFT_VERSION = 4.0;
				TARGETED_DEVICE_FAMILY = "1,2";
				TEST_HOST = "$(BUILT_PRODUCTS_DIR)/sailing.app/sailing";
			};
			name = Debug;
		};
		B522C0031EFF69E900448D25 /* Release */ = {
			isa = XCBuildConfiguration;
			buildSettings = {
				ALWAYS_EMBED_SWIFT_STANDARD_LIBRARIES = YES;
				BUNDLE_LOADER = "$(TEST_HOST)";
				DEVELOPMENT_TEAM = XL9PR4L78Q;
				INFOPLIST_FILE = sailingTests/Info.plist;
				LD_RUNPATH_SEARCH_PATHS = "$(inherited) @executable_path/Frameworks @loader_path/Frameworks";
				PRODUCT_BUNDLE_IDENTIFIER = taylorg.sailingTests;
				PRODUCT_NAME = "$(TARGET_NAME)";
				SWIFT_VERSION = 4.0;
				TARGETED_DEVICE_FAMILY = "1,2";
				TEST_HOST = "$(BUILT_PRODUCTS_DIR)/sailing.app/sailing";
			};
			name = Release;
		};
		B522C0051EFF69E900448D25 /* Debug */ = {
			isa = XCBuildConfiguration;
			buildSettings = {
				ALWAYS_EMBED_SWIFT_STANDARD_LIBRARIES = YES;
				DEVELOPMENT_TEAM = XL9PR4L78Q;
				INFOPLIST_FILE = sailingUITests/Info.plist;
				LD_RUNPATH_SEARCH_PATHS = "$(inherited) @executable_path/Frameworks @loader_path/Frameworks";
				PRODUCT_BUNDLE_IDENTIFIER = taylorg.sailingUITests;
				PRODUCT_NAME = "$(TARGET_NAME)";
				SWIFT_VERSION = 4.0;
				TARGETED_DEVICE_FAMILY = "1,2";
				TEST_TARGET_NAME = sailing;
			};
			name = Debug;
		};
		B522C0061EFF69E900448D25 /* Release */ = {
			isa = XCBuildConfiguration;
			buildSettings = {
				ALWAYS_EMBED_SWIFT_STANDARD_LIBRARIES = YES;
				DEVELOPMENT_TEAM = XL9PR4L78Q;
				INFOPLIST_FILE = sailingUITests/Info.plist;
				LD_RUNPATH_SEARCH_PATHS = "$(inherited) @executable_path/Frameworks @loader_path/Frameworks";
				PRODUCT_BUNDLE_IDENTIFIER = taylorg.sailingUITests;
				PRODUCT_NAME = "$(TARGET_NAME)";
				SWIFT_VERSION = 4.0;
				TARGETED_DEVICE_FAMILY = "1,2";
				TEST_TARGET_NAME = sailing;
			};
			name = Release;
		};
/* End XCBuildConfiguration section */

/* Begin XCConfigurationList section */
		B522BFCB1EFF69E800448D25 /* Build configuration list for PBXProject "sailing" */ = {
			isa = XCConfigurationList;
			buildConfigurations = (
				B522BFFC1EFF69E900448D25 /* Debug */,
				B522BFFD1EFF69E900448D25 /* Release */,
			);
			defaultConfigurationIsVisible = 0;
			defaultConfigurationName = Release;
		};
		B522BFFE1EFF69E900448D25 /* Build configuration list for PBXNativeTarget "sailing" */ = {
			isa = XCConfigurationList;
			buildConfigurations = (
				B522BFFF1EFF69E900448D25 /* Debug */,
				B522C0001EFF69E900448D25 /* Release */,
			);
			defaultConfigurationIsVisible = 0;
			defaultConfigurationName = Release;
		};
		B522C0011EFF69E900448D25 /* Build configuration list for PBXNativeTarget "sailingTests" */ = {
			isa = XCConfigurationList;
			buildConfigurations = (
				B522C0021EFF69E900448D25 /* Debug */,
				B522C0031EFF69E900448D25 /* Release */,
			);
			defaultConfigurationIsVisible = 0;
			defaultConfigurationName = Release;
		};
		B522C0041EFF69E900448D25 /* Build configuration list for PBXNativeTarget "sailingUITests" */ = {
			isa = XCConfigurationList;
			buildConfigurations = (
				B522C0051EFF69E900448D25 /* Debug */,
				B522C0061EFF69E900448D25 /* Release */,
			);
			defaultConfigurationIsVisible = 0;
			defaultConfigurationName = Release;
		};
/* End XCConfigurationList section */
	};
	rootObject = B522BFC81EFF69E800448D25 /* Project object */;
}
